// !$*UTF8*$!
{
	archiveVersion = 1;
	classes = {
	};
	objectVersion = 46;
	objects = {

/* Begin PBXBuildFile section */
		562045501A99559700BC40E6 /* LoginViewController.swift in Sources */ = {isa = PBXBuildFile; fileRef = 5620454F1A99559700BC40E6 /* LoginViewController.swift */; };
		562C6E791A94849B00AA94A0 /* AppDelegate.swift in Sources */ = {isa = PBXBuildFile; fileRef = 562C6E781A94849B00AA94A0 /* AppDelegate.swift */; };
		562C6E7E1A94849B00AA94A0 /* Main.storyboard in Resources */ = {isa = PBXBuildFile; fileRef = 562C6E7C1A94849B00AA94A0 /* Main.storyboard */; };
		562C6E801A94849B00AA94A0 /* Images.xcassets in Resources */ = {isa = PBXBuildFile; fileRef = 562C6E7F1A94849B00AA94A0 /* Images.xcassets */; };
		562C6E831A94849B00AA94A0 /* LaunchScreen.xib in Resources */ = {isa = PBXBuildFile; fileRef = 562C6E811A94849B00AA94A0 /* LaunchScreen.xib */; };
		562C6E8F1A94849C00AA94A0 /* TwitterTests.swift in Sources */ = {isa = PBXBuildFile; fileRef = 562C6E8E1A94849C00AA94A0 /* TwitterTests.swift */; };
		562C6E9D1A948B8C00AA94A0 /* TimelineViewController.swift in Sources */ = {isa = PBXBuildFile; fileRef = 562C6E9C1A948B8C00AA94A0 /* TimelineViewController.swift */; };
		562C6E9F1A948BA200AA94A0 /* TweetViewController.swift in Sources */ = {isa = PBXBuildFile; fileRef = 562C6E9E1A948BA200AA94A0 /* TweetViewController.swift */; };
		562C6EA31A948BE500AA94A0 /* API.swift in Sources */ = {isa = PBXBuildFile; fileRef = 562C6EA21A948BE500AA94A0 /* API.swift */; };
		562C6EA71A948CC900AA94A0 /* TweetCell.swift in Sources */ = {isa = PBXBuildFile; fileRef = 562C6EA61A948CC900AA94A0 /* TweetCell.swift */; };
		562C6EDE1A9593B200AA94A0 /* Models.swift in Sources */ = {isa = PBXBuildFile; fileRef = 562C6EDD1A9593B200AA94A0 /* Models.swift */; };
		566B75681A9A8EB900C9FC6B /* ComposeViewController.swift in Sources */ = {isa = PBXBuildFile; fileRef = 566B75671A9A8EB900C9FC6B /* ComposeViewController.swift */; };
		566B759A1AA2F0E100C9FC6B /* ProfileViewController.swift in Sources */ = {isa = PBXBuildFile; fileRef = 566B75991AA2F0E100C9FC6B /* ProfileViewController.swift */; };
		56CC64E91A9944B300C6F9DA /* TwitterClient.swift in Sources */ = {isa = PBXBuildFile; fileRef = 56CC64E81A9944B300C6F9DA /* TwitterClient.swift */; };
		57B6D2439ACED4ECF1C105FB /* libPods.a in Frameworks */ = {isa = PBXBuildFile; fileRef = 0EA0C6DBE48D5B02A0AA1E6C /* libPods.a */; };
/* End PBXBuildFile section */

/* Begin PBXContainerItemProxy section */
		562C6E891A94849C00AA94A0 /* PBXContainerItemProxy */ = {
			isa = PBXContainerItemProxy;
			containerPortal = 562C6E6B1A94849B00AA94A0 /* Project object */;
			proxyType = 1;
			remoteGlobalIDString = 562C6E721A94849B00AA94A0;
			remoteInfo = Twitter;
		};
/* End PBXContainerItemProxy section */

/* Begin PBXFileReference section */
		0EA0C6DBE48D5B02A0AA1E6C /* libPods.a */ = {isa = PBXFileReference; explicitFileType = archive.ar; includeInIndex = 0; path = libPods.a; sourceTree = BUILT_PRODUCTS_DIR; };
		5620454F1A99559700BC40E6 /* LoginViewController.swift */ = {isa = PBXFileReference; fileEncoding = 4; lastKnownFileType = sourcecode.swift; path = LoginViewController.swift; sourceTree = "<group>"; };
		562C6E731A94849B00AA94A0 /* Twitter.app */ = {isa = PBXFileReference; explicitFileType = wrapper.application; includeInIndex = 0; path = Twitter.app; sourceTree = BUILT_PRODUCTS_DIR; };
		562C6E771A94849B00AA94A0 /* Info.plist */ = {isa = PBXFileReference; lastKnownFileType = text.plist.xml; path = Info.plist; sourceTree = "<group>"; };
		562C6E781A94849B00AA94A0 /* AppDelegate.swift */ = {isa = PBXFileReference; lastKnownFileType = sourcecode.swift; path = AppDelegate.swift; sourceTree = "<group>"; };
		562C6E7D1A94849B00AA94A0 /* Base */ = {isa = PBXFileReference; lastKnownFileType = file.storyboard; name = Base; path = Base.lproj/Main.storyboard; sourceTree = "<group>"; };
		562C6E7F1A94849B00AA94A0 /* Images.xcassets */ = {isa = PBXFileReference; lastKnownFileType = folder.assetcatalog; path = Images.xcassets; sourceTree = "<group>"; };
		562C6E821A94849B00AA94A0 /* Base */ = {isa = PBXFileReference; lastKnownFileType = file.xib; name = Base; path = Base.lproj/LaunchScreen.xib; sourceTree = "<group>"; };
		562C6E881A94849C00AA94A0 /* TwitterTests.xctest */ = {isa = PBXFileReference; explicitFileType = wrapper.cfbundle; includeInIndex = 0; path = TwitterTests.xctest; sourceTree = BUILT_PRODUCTS_DIR; };
		562C6E8D1A94849C00AA94A0 /* Info.plist */ = {isa = PBXFileReference; lastKnownFileType = text.plist.xml; path = Info.plist; sourceTree = "<group>"; };
		562C6E8E1A94849C00AA94A0 /* TwitterTests.swift */ = {isa = PBXFileReference; lastKnownFileType = sourcecode.swift; path = TwitterTests.swift; sourceTree = "<group>"; };
		562C6E9C1A948B8C00AA94A0 /* TimelineViewController.swift */ = {isa = PBXFileReference; fileEncoding = 4; lastKnownFileType = sourcecode.swift; path = TimelineViewController.swift; sourceTree = "<group>"; };
		562C6E9E1A948BA200AA94A0 /* TweetViewController.swift */ = {isa = PBXFileReference; fileEncoding = 4; lastKnownFileType = sourcecode.swift; path = TweetViewController.swift; sourceTree = "<group>"; };
		562C6EA21A948BE500AA94A0 /* API.swift */ = {isa = PBXFileReference; fileEncoding = 4; lastKnownFileType = sourcecode.swift; path = API.swift; sourceTree = "<group>"; };
		562C6EA61A948CC900AA94A0 /* TweetCell.swift */ = {isa = PBXFileReference; fileEncoding = 4; lastKnownFileType = sourcecode.swift; path = TweetCell.swift; sourceTree = "<group>"; };
		562C6EDD1A9593B200AA94A0 /* Models.swift */ = {isa = PBXFileReference; fileEncoding = 4; lastKnownFileType = sourcecode.swift; path = Models.swift; sourceTree = "<group>"; };
		566B75671A9A8EB900C9FC6B /* ComposeViewController.swift */ = {isa = PBXFileReference; fileEncoding = 4; lastKnownFileType = sourcecode.swift; path = ComposeViewController.swift; sourceTree = "<group>"; };
		566B75991AA2F0E100C9FC6B /* ProfileViewController.swift */ = {isa = PBXFileReference; fileEncoding = 4; lastKnownFileType = sourcecode.swift; path = ProfileViewController.swift; sourceTree = "<group>"; };
		56CC64E21A9943BA00C6F9DA /* Twitter-Bridging-Header.h */ = {isa = PBXFileReference; lastKnownFileType = sourcecode.c.h; path = "Twitter-Bridging-Header.h"; sourceTree = "<group>"; };
		56CC64E81A9944B300C6F9DA /* TwitterClient.swift */ = {isa = PBXFileReference; fileEncoding = 4; lastKnownFileType = sourcecode.swift; path = TwitterClient.swift; sourceTree = "<group>"; };
		90A7CC3059B58D5240A7DCF2 /* Pods.debug.xcconfig */ = {isa = PBXFileReference; includeInIndex = 1; lastKnownFileType = text.xcconfig; name = Pods.debug.xcconfig; path = "Pods/Target Support Files/Pods/Pods.debug.xcconfig"; sourceTree = "<group>"; };
		90F37B585F30F5313672FC6A /* Pods.release.xcconfig */ = {isa = PBXFileReference; includeInIndex = 1; lastKnownFileType = text.xcconfig; name = Pods.release.xcconfig; path = "Pods/Target Support Files/Pods/Pods.release.xcconfig"; sourceTree = "<group>"; };
/* End PBXFileReference section */

/* Begin PBXFrameworksBuildPhase section */
		562C6E701A94849B00AA94A0 /* Frameworks */ = {
			isa = PBXFrameworksBuildPhase;
			buildActionMask = 2147483647;
			files = (
				57B6D2439ACED4ECF1C105FB /* libPods.a in Frameworks */,
			);
			runOnlyForDeploymentPostprocessing = 0;
		};
		562C6E851A94849C00AA94A0 /* Frameworks */ = {
			isa = PBXFrameworksBuildPhase;
			buildActionMask = 2147483647;
			files = (
			);
			runOnlyForDeploymentPostprocessing = 0;
		};
/* End PBXFrameworksBuildPhase section */

/* Begin PBXGroup section */
		20C3671E13BFAB9E64752902 /* Frameworks */ = {
			isa = PBXGroup;
			children = (
				0EA0C6DBE48D5B02A0AA1E6C /* libPods.a */,
			);
			name = Frameworks;
			sourceTree = "<group>";
		};
		562C6E6A1A94849B00AA94A0 = {
			isa = PBXGroup;
			children = (
				562C6E751A94849B00AA94A0 /* Twitter */,
				562C6E8B1A94849C00AA94A0 /* TwitterTests */,
				562C6E741A94849B00AA94A0 /* Products */,
				E1862CBDCC20A6E79BDE1EF0 /* Pods */,
				20C3671E13BFAB9E64752902 /* Frameworks */,
			);
			sourceTree = "<group>";
		};
		562C6E741A94849B00AA94A0 /* Products */ = {
			isa = PBXGroup;
			children = (
				562C6E731A94849B00AA94A0 /* Twitter.app */,
				562C6E881A94849C00AA94A0 /* TwitterTests.xctest */,
			);
			name = Products;
			sourceTree = "<group>";
		};
		562C6E751A94849B00AA94A0 /* Twitter */ = {
			isa = PBXGroup;
			children = (
				562C6E991A948B3D00AA94A0 /* Xibs */,
				562C6E981A948B3400AA94A0 /* Source */,
				562C6E7F1A94849B00AA94A0 /* Images.xcassets */,
				562C6E761A94849B00AA94A0 /* Supporting Files */,
			);
			path = Twitter;
			sourceTree = "<group>";
		};
		562C6E761A94849B00AA94A0 /* Supporting Files */ = {
			isa = PBXGroup;
			children = (
				562C6E781A94849B00AA94A0 /* AppDelegate.swift */,
				56CC64E21A9943BA00C6F9DA /* Twitter-Bridging-Header.h */,
				562C6E771A94849B00AA94A0 /* Info.plist */,
			);
			name = "Supporting Files";
			sourceTree = "<group>";
		};
		562C6E8B1A94849C00AA94A0 /* TwitterTests */ = {
			isa = PBXGroup;
			children = (
				562C6E8E1A94849C00AA94A0 /* TwitterTests.swift */,
				562C6E8C1A94849C00AA94A0 /* Supporting Files */,
			);
			path = TwitterTests;
			sourceTree = "<group>";
		};
		562C6E8C1A94849C00AA94A0 /* Supporting Files */ = {
			isa = PBXGroup;
			children = (
				562C6E8D1A94849C00AA94A0 /* Info.plist */,
			);
			name = "Supporting Files";
			sourceTree = "<group>";
		};
		562C6E981A948B3400AA94A0 /* Source */ = {
			isa = PBXGroup;
			children = (
				56CC64E71A99448D00C6F9DA /* API */,
				562C6E9B1A948B5A00AA94A0 /* View Controllers */,
				56CC64E51A9943E000C6F9DA /* Views */,
			);
			name = Source;
			sourceTree = "<group>";
		};
		562C6E991A948B3D00AA94A0 /* Xibs */ = {
			isa = PBXGroup;
			children = (
				562C6E7C1A94849B00AA94A0 /* Main.storyboard */,
				562C6E811A94849B00AA94A0 /* LaunchScreen.xib */,
			);
			name = Xibs;
			sourceTree = "<group>";
		};
		562C6E9B1A948B5A00AA94A0 /* View Controllers */ = {
			isa = PBXGroup;
			children = (
				5620454F1A99559700BC40E6 /* LoginViewController.swift */,
				562C6E9C1A948B8C00AA94A0 /* TimelineViewController.swift */,
				562C6E9E1A948BA200AA94A0 /* TweetViewController.swift */,
				566B75671A9A8EB900C9FC6B /* ComposeViewController.swift */,
				566B75991AA2F0E100C9FC6B /* ProfileViewController.swift */,
			);
			name = "View Controllers";
			sourceTree = "<group>";
		};
		56CC64E51A9943E000C6F9DA /* Views */ = {
			isa = PBXGroup;
			children = (
				562C6EA61A948CC900AA94A0 /* TweetCell.swift */,
			);
			name = Views;
			sourceTree = "<group>";
		};
		56CC64E71A99448D00C6F9DA /* API */ = {
			isa = PBXGroup;
			children = (
				562C6EA21A948BE500AA94A0 /* API.swift */,
				562C6EDD1A9593B200AA94A0 /* Models.swift */,
				56CC64E81A9944B300C6F9DA /* TwitterClient.swift */,
			);
			name = API;
			sourceTree = "<group>";
		};
		E1862CBDCC20A6E79BDE1EF0 /* Pods */ = {
			isa = PBXGroup;
			children = (
				90A7CC3059B58D5240A7DCF2 /* Pods.debug.xcconfig */,
				90F37B585F30F5313672FC6A /* Pods.release.xcconfig */,
			);
			name = Pods;
			sourceTree = "<group>";
		};
/* End PBXGroup section */

/* Begin PBXNativeTarget section */
		562C6E721A94849B00AA94A0 /* Twitter */ = {
			isa = PBXNativeTarget;
			buildConfigurationList = 562C6E921A94849C00AA94A0 /* Build configuration list for PBXNativeTarget "Twitter" */;
			buildPhases = (
				C913A78B6A4B1B20008550C3 /* Check Pods Manifest.lock */,
				562C6E6F1A94849B00AA94A0 /* Sources */,
				562C6E701A94849B00AA94A0 /* Frameworks */,
				562C6E711A94849B00AA94A0 /* Resources */,
				FB6C959571912BE8DD8EF3DB /* Copy Pods Resources */,
			);
			buildRules = (
			);
			dependencies = (
			);
			name = Twitter;
			productName = Twitter;
			productReference = 562C6E731A94849B00AA94A0 /* Twitter.app */;
			productType = "com.apple.product-type.application";
		};
		562C6E871A94849C00AA94A0 /* TwitterTests */ = {
			isa = PBXNativeTarget;
			buildConfigurationList = 562C6E951A94849C00AA94A0 /* Build configuration list for PBXNativeTarget "TwitterTests" */;
			buildPhases = (
				562C6E841A94849C00AA94A0 /* Sources */,
				562C6E851A94849C00AA94A0 /* Frameworks */,
				562C6E861A94849C00AA94A0 /* Resources */,
			);
			buildRules = (
			);
			dependencies = (
				562C6E8A1A94849C00AA94A0 /* PBXTargetDependency */,
			);
			name = TwitterTests;
			productName = TwitterTests;
			productReference = 562C6E881A94849C00AA94A0 /* TwitterTests.xctest */;
			productType = "com.apple.product-type.bundle.unit-test";
		};
/* End PBXNativeTarget section */

/* Begin PBXProject section */
		562C6E6B1A94849B00AA94A0 /* Project object */ = {
			isa = PBXProject;
			attributes = {
				LastUpgradeCheck = 0610;
				ORGANIZATIONNAME = Codepath;
				TargetAttributes = {
					562C6E721A94849B00AA94A0 = {
						CreatedOnToolsVersion = 6.1.1;
					};
					562C6E871A94849C00AA94A0 = {
						CreatedOnToolsVersion = 6.1.1;
						TestTargetID = 562C6E721A94849B00AA94A0;
					};
				};
			};
			buildConfigurationList = 562C6E6E1A94849B00AA94A0 /* Build configuration list for PBXProject "Twitter" */;
			compatibilityVersion = "Xcode 3.2";
			developmentRegion = English;
			hasScannedForEncodings = 0;
			knownRegions = (
				en,
				Base,
			);
			mainGroup = 562C6E6A1A94849B00AA94A0;
			productRefGroup = 562C6E741A94849B00AA94A0 /* Products */;
			projectDirPath = "";
			projectRoot = "";
			targets = (
				562C6E721A94849B00AA94A0 /* Twitter */,
				562C6E871A94849C00AA94A0 /* TwitterTests */,
			);
		};
/* End PBXProject section */

/* Begin PBXResourcesBuildPhase section */
		562C6E711A94849B00AA94A0 /* Resources */ = {
			isa = PBXResourcesBuildPhase;
			buildActionMask = 2147483647;
			files = (
				562C6E7E1A94849B00AA94A0 /* Main.storyboard in Resources */,
				562C6E831A94849B00AA94A0 /* LaunchScreen.xib in Resources */,
				562C6E801A94849B00AA94A0 /* Images.xcassets in Resources */,
			);
			runOnlyForDeploymentPostprocessing = 0;
		};
		562C6E861A94849C00AA94A0 /* Resources */ = {
			isa = PBXResourcesBuildPhase;
			buildActionMask = 2147483647;
			files = (
			);
			runOnlyForDeploymentPostprocessing = 0;
		};
/* End PBXResourcesBuildPhase section */

/* Begin PBXShellScriptBuildPhase section */
		C913A78B6A4B1B20008550C3 /* Check Pods Manifest.lock */ = {
			isa = PBXShellScriptBuildPhase;
			buildActionMask = 2147483647;
			files = (
			);
			inputPaths = (
			);
			name = "Check Pods Manifest.lock";
			outputPaths = (
			);
			runOnlyForDeploymentPostprocessing = 0;
			shellPath = /bin/sh;
			shellScript = "diff \"${PODS_ROOT}/../Podfile.lock\" \"${PODS_ROOT}/Manifest.lock\" > /dev/null\nif [[ $? != 0 ]] ; then\n    cat << EOM\nerror: The sandbox is not in sync with the Podfile.lock. Run 'pod install' or update your CocoaPods installation.\nEOM\n    exit 1\nfi\n";
			showEnvVarsInLog = 0;
		};
		FB6C959571912BE8DD8EF3DB /* Copy Pods Resources */ = {
			isa = PBXShellScriptBuildPhase;
			buildActionMask = 2147483647;
			files = (
			);
			inputPaths = (
			);
			name = "Copy Pods Resources";
			outputPaths = (
			);
			runOnlyForDeploymentPostprocessing = 0;
			shellPath = /bin/sh;
			shellScript = "\"${SRCROOT}/Pods/Target Support Files/Pods/Pods-resources.sh\"\n";
			showEnvVarsInLog = 0;
		};
/* End PBXShellScriptBuildPhase section */

/* Begin PBXSourcesBuildPhase section */
		562C6E6F1A94849B00AA94A0 /* Sources */ = {
			isa = PBXSourcesBuildPhase;
			buildActionMask = 2147483647;
			files = (
				566B75681A9A8EB900C9FC6B /* ComposeViewController.swift in Sources */,
				562045501A99559700BC40E6 /* LoginViewController.swift in Sources */,
				566B759A1AA2F0E100C9FC6B /* ProfileViewController.swift in Sources */,
				56CC64E91A9944B300C6F9DA /* TwitterClient.swift in Sources */,
				562C6E791A94849B00AA94A0 /* AppDelegate.swift in Sources */,
				562C6E9D1A948B8C00AA94A0 /* TimelineViewController.swift in Sources */,
				562C6E9F1A948BA200AA94A0 /* TweetViewController.swift in Sources */,
				562C6EA71A948CC900AA94A0 /* TweetCell.swift in Sources */,
				562C6EA31A948BE500AA94A0 /* API.swift in Sources */,
				562C6EDE1A9593B200AA94A0 /* Models.swift in Sources */,
			);
			runOnlyForDeploymentPostprocessing = 0;
		};
		562C6E841A94849C00AA94A0 /* Sources */ = {
			isa = PBXSourcesBuildPhase;
			buildActionMask = 2147483647;
			files = (
				562C6E8F1A94849C00AA94A0 /* TwitterTests.swift in Sources */,
			);
			runOnlyForDeploymentPostprocessing = 0;
		};
/* End PBXSourcesBuildPhase section */

/* Begin PBXTargetDependency section */
		562C6E8A1A94849C00AA94A0 /* PBXTargetDependency */ = {
			isa = PBXTargetDependency;
			target = 562C6E721A94849B00AA94A0 /* Twitter */;
			targetProxy = 562C6E891A94849C00AA94A0 /* PBXContainerItemProxy */;
		};
/* End PBXTargetDependency section */

/* Begin PBXVariantGroup section */
		562C6E7C1A94849B00AA94A0 /* Main.storyboard */ = {
			isa = PBXVariantGroup;
			children = (
				562C6E7D1A94849B00AA94A0 /* Base */,
			);
			name = Main.storyboard;
			sourceTree = "<group>";
		};
		562C6E811A94849B00AA94A0 /* LaunchScreen.xib */ = {
			isa = PBXVariantGroup;
			children = (
				562C6E821A94849B00AA94A0 /* Base */,
			);
			name = LaunchScreen.xib;
			sourceTree = "<group>";
		};
/* End PBXVariantGroup section */

/* Begin XCBuildConfiguration section */
		562C6E901A94849C00AA94A0 /* Debug */ = {
			isa = XCBuildConfiguration;
			buildSettings = {
				ALWAYS_SEARCH_USER_PATHS = NO;
				CLANG_CXX_LANGUAGE_STANDARD = "gnu++0x";
				CLANG_CXX_LIBRARY = "libc++";
				CLANG_ENABLE_MODULES = YES;
				CLANG_ENABLE_OBJC_ARC = YES;
				CLANG_WARN_BOOL_CONVERSION = YES;
				CLANG_WARN_CONSTANT_CONVERSION = YES;
				CLANG_WARN_DIRECT_OBJC_ISA_USAGE = YES_ERROR;
				CLANG_WARN_EMPTY_BODY = YES;
				CLANG_WARN_ENUM_CONVERSION = YES;
				CLANG_WARN_INT_CONVERSION = YES;
				CLANG_WARN_OBJC_ROOT_CLASS = YES_ERROR;
				CLANG_WARN_UNREACHABLE_CODE = YES;
				CLANG_WARN__DUPLICATE_METHOD_MATCH = YES;
				"CODE_SIGN_IDENTITY[sdk=iphoneos*]" = "iPhone Developer";
				COPY_PHASE_STRIP = NO;
				ENABLE_STRICT_OBJC_MSGSEND = YES;
				GCC_C_LANGUAGE_STANDARD = gnu99;
				GCC_DYNAMIC_NO_PIC = NO;
				GCC_OPTIMIZATION_LEVEL = 0;
				GCC_PREPROCESSOR_DEFINITIONS = (
					"DEBUG=1",
					"$(inherited)",
				);
				GCC_SYMBOLS_PRIVATE_EXTERN = NO;
				GCC_WARN_64_TO_32_BIT_CONVERSION = YES;
				GCC_WARN_ABOUT_RETURN_TYPE = YES_ERROR;
				GCC_WARN_UNDECLARED_SELECTOR = YES;
				GCC_WARN_UNINITIALIZED_AUTOS = YES_AGGRESSIVE;
				GCC_WARN_UNUSED_FUNCTION = YES;
				GCC_WARN_UNUSED_VARIABLE = YES;
				IPHONEOS_DEPLOYMENT_TARGET = 8.1;
				MTL_ENABLE_DEBUG_INFO = YES;
				ONLY_ACTIVE_ARCH = YES;
				SDKROOT = iphoneos;
				SWIFT_OPTIMIZATION_LEVEL = "-Onone";
			};
			name = Debug;
		};
		562C6E911A94849C00AA94A0 /* Release */ = {
			isa = XCBuildConfiguration;
			buildSettings = {
				ALWAYS_SEARCH_USER_PATHS = NO;
				CLANG_CXX_LANGUAGE_STANDARD = "gnu++0x";
				CLANG_CXX_LIBRARY = "libc++";
				CLANG_ENABLE_MODULES = YES;
				CLANG_ENABLE_OBJC_ARC = YES;
				CLANG_WARN_BOOL_CONVERSION = YES;
				CLANG_WARN_CONSTANT_CONVERSION = YES;
				CLANG_WARN_DIRECT_OBJC_ISA_USAGE = YES_ERROR;
				CLANG_WARN_EMPTY_BODY = YES;
				CLANG_WARN_ENUM_CONVERSION = YES;
				CLANG_WARN_INT_CONVERSION = YES;
				CLANG_WARN_OBJC_ROOT_CLASS = YES_ERROR;
				CLANG_WARN_UNREACHABLE_CODE = YES;
				CLANG_WARN__DUPLICATE_METHOD_MATCH = YES;
				"CODE_SIGN_IDENTITY[sdk=iphoneos*]" = "iPhone Developer";
				COPY_PHASE_STRIP = YES;
				ENABLE_NS_ASSERTIONS = NO;
				ENABLE_STRICT_OBJC_MSGSEND = YES;
				GCC_C_LANGUAGE_STANDARD = gnu99;
				GCC_WARN_64_TO_32_BIT_CONVERSION = YES;
				GCC_WARN_ABOUT_RETURN_TYPE = YES_ERROR;
				GCC_WARN_UNDECLARED_SELECTOR = YES;
				GCC_WARN_UNINITIALIZED_AUTOS = YES_AGGRESSIVE;
				GCC_WARN_UNUSED_FUNCTION = YES;
				GCC_WARN_UNUSED_VARIABLE = YES;
				IPHONEOS_DEPLOYMENT_TARGET = 8.1;
				MTL_ENABLE_DEBUG_INFO = NO;
				SDKROOT = iphoneos;
				VALIDATE_PRODUCT = YES;
			};
			name = Release;
		};
		562C6E931A94849C00AA94A0 /* Debug */ = {
			isa = XCBuildConfiguration;
			baseConfigurationReference = 90A7CC3059B58D5240A7DCF2 /* Pods.debug.xcconfig */;
			buildSettings = {
				ASSETCATALOG_COMPILER_APPICON_NAME = AppIcon;
				CLANG_ENABLE_MODULES = YES;
				INFOPLIST_FILE = Twitter/Info.plist;
				LD_RUNPATH_SEARCH_PATHS = "$(inherited) @executable_path/Frameworks";
				PRODUCT_NAME = "$(TARGET_NAME)";
				SWIFT_OBJC_BRIDGING_HEADER = "Twitter/Twitter-Bridging-Header.h";
				SWIFT_OPTIMIZATION_LEVEL = "-Onone";
			};
			name = Debug;
		};
		562C6E941A94849C00AA94A0 /* Release */ = {
			isa = XCBuildConfiguration;
			baseConfigurationReference = 90F37B585F30F5313672FC6A /* Pods.release.xcconfig */;
			buildSettings = {
				ASSETCATALOG_COMPILER_APPICON_NAME = AppIcon;
				CLANG_ENABLE_MODULES = YES;
				INFOPLIST_FILE = Twitter/Info.plist;
				LD_RUNPATH_SEARCH_PATHS = "$(inherited) @executable_path/Frameworks";
				PRODUCT_NAME = "$(TARGET_NAME)";
				SWIFT_OBJC_BRIDGING_HEADER = "Twitter/Twitter-Bridging-Header.h";
			};
			name = Release;
		};
		562C6E961A94849C00AA94A0 /* Debug */ = {
			isa = XCBuildConfiguration;
			buildSettings = {
				BUNDLE_LOADER = "$(TEST_HOST)";
				FRAMEWORK_SEARCH_PATHS = (
					"$(SDKROOT)/Developer/Library/Frameworks",
					"$(inherited)",
				);
				GCC_PREPROCESSOR_DEFINITIONS = (
					"DEBUG=1",
					"$(inherited)",
				);
				INFOPLIST_FILE = TwitterTests/Info.plist;
				LD_RUNPATH_SEARCH_PATHS = "$(inherited) @executable_path/Frameworks @loader_path/Frameworks";
				PRODUCT_NAME = "$(TARGET_NAME)";
				TEST_HOST = "$(BUILT_PRODUCTS_DIR)/Twitter.app/Twitter";
			};
			name = Debug;
		};
		562C6E971A94849C00AA94A0 /* Release */ = {
			isa = XCBuildConfiguration;
			buildSettings = {
				BUNDLE_LOADER = "$(TEST_HOST)";
				FRAMEWORK_SEARCH_PATHS = (
					"$(SDKROOT)/Developer/Library/Frameworks",
					"$(inherited)",
				);
				INFOPLIST_FILE = TwitterTests/Info.plist;
				LD_RUNPATH_SEARCH_PATHS = "$(inherited) @executable_path/Frameworks @loader_path/Frameworks";
				PRODUCT_NAME = "$(TARGET_NAME)";
				TEST_HOST = "$(BUILT_PRODUCTS_DIR)/Twitter.app/Twitter";
			};
			name = Release;
		};
/* End XCBuildConfiguration section */

/* Begin XCConfigurationList section */
		562C6E6E1A94849B00AA94A0 /* Build configuration list for PBXProject "Twitter" */ = {
			isa = XCConfigurationList;
			buildConfigurations = (
				562C6E901A94849C00AA94A0 /* Debug */,
				562C6E911A94849C00AA94A0 /* Release */,
			);
			defaultConfigurationIsVisible = 0;
			defaultConfigurationName = Release;
		};
		562C6E921A94849C00AA94A0 /* Build configuration list for PBXNativeTarget "Twitter" */ = {
			isa = XCConfigurationList;
			buildConfigurations = (
				562C6E931A94849C00AA94A0 /* Debug */,
				562C6E941A94849C00AA94A0 /* Release */,
			);
			defaultConfigurationIsVisible = 0;
			defaultConfigurationName = Release;
		};
		562C6E951A94849C00AA94A0 /* Build configuration list for PBXNativeTarget "TwitterTests" */ = {
			isa = XCConfigurationList;
			buildConfigurations = (
				562C6E961A94849C00AA94A0 /* Debug */,
				562C6E971A94849C00AA94A0 /* Release */,
			);
			defaultConfigurationIsVisible = 0;
			defaultConfigurationName = Release;
		};
/* End XCConfigurationList section */
	};
	rootObject = 562C6E6B1A94849B00AA94A0 /* Project object */;
}
